PODS:
  - Amplitude-iOS (3.0.0)
  - Appsee (2.1.4)
  - AppsFlyer-SDK (2.5.3.19)
  - ARAnalytics (2.7.4):
    - ARAnalytics/no_clash_HockeyApp (= 2.7.4)
  - ARAnalytics/Amplitude (2.7.4):
    - Amplitude-iOS
    - ARAnalytics/CoreIOS
  - ARAnalytics/Appsee (2.7.4):
    - Appsee
    - ARAnalytics/CoreIOS
  - ARAnalytics/Appsflyer (2.7.4):
    - AppsFlyer-SDK
    - ARAnalytics/CoreIOS
  - ARAnalytics/Bugsnag (2.7.4):
    - ARAnalytics/CoreIOS
    - Bugsnag
  - ARAnalytics/Chartbeat (2.7.4):
    - ARAnalytics/CoreIOS
    - Chartbeat
  - ARAnalytics/CoreIOS (2.7.4)
  - ARAnalytics/CoreMac (2.7.4)
  - ARAnalytics/Countly (2.7.4):
    - ARAnalytics/CoreIOS
    - Countly
  - ARAnalytics/Crashlytics (2.7.4):
    - ARAnalytics/CoreIOS
  - ARAnalytics/DSL (2.7.4):
    - Aspects (~> 1.3.1)
  - ARAnalytics/Flurry (2.7.4):
    - ARAnalytics/CoreIOS
    - FlurrySDK
  - ARAnalytics/GoogleAnalytics (2.7.4):
    - ARAnalytics/CoreIOS
    - GoogleAnalytics
  - ARAnalytics/HeapAnalytics (2.7.4):
    - ARAnalytics/CoreIOS
    - Heap
  - ARAnalytics/Helpshift (2.7.4):
    - ARAnalytics/CoreIOS
    - Helpshift
  - ARAnalytics/HockeyApp (2.7.4):
    - ARAnalytics/CoreIOS
    - HockeySDK
  - ARAnalytics/Intercom (2.7.4):
    - ARAnalytics/CoreIOS
    - Intercom
  - ARAnalytics/KISSmetrics (2.7.4):
    - ARAnalytics/CoreIOS
    - KISSmetrics
  - ARAnalytics/KISSmetricsOSX (2.7.4):
    - ARAnalytics/CoreMac
    - KISSmetrics
  - ARAnalytics/Librato (2.7.4):
    - ARAnalytics/CoreIOS
  - ARAnalytics/Localytics (2.7.4):
    - ARAnalytics/CoreIOS
    - Localytics-iOS-Client
  - ARAnalytics/Mixpanel (2.7.4):
    - ARAnalytics/CoreIOS
    - Mixpanel
  - ARAnalytics/NewRelic (2.7.4):
    - ARAnalytics/CoreIOS
    - NewRelicAgent
  - ARAnalytics/no_clash_HockeyApp (2.7.4):
    - ARAnalytics/Amplitude
    - ARAnalytics/Appsee
    - ARAnalytics/Appsflyer
    - ARAnalytics/Bugsnag
    - ARAnalytics/Chartbeat
    - ARAnalytics/Countly
    - ARAnalytics/Crashlytics
    - ARAnalytics/Flurry
    - ARAnalytics/GoogleAnalytics
    - ARAnalytics/HeapAnalytics
    - ARAnalytics/Helpshift
    - ARAnalytics/HockeyApp
    - ARAnalytics/Intercom
    - ARAnalytics/KISSmetrics
    - ARAnalytics/KISSmetricsOSX
    - ARAnalytics/Librato
    - ARAnalytics/Localytics
    - ARAnalytics/Mixpanel
    - ARAnalytics/MixpanelOSX
    - ARAnalytics/NewRelic
    - ARAnalytics/ParseAnalytics
    - ARAnalytics/Tapstream
    - ARAnalytics/UMengAnalytics
  - ARAnalytics/ParseAnalytics (2.7.4):
    - ARAnalytics/CoreIOS
    - Parse-iOS-SDK
  - ARAnalytics/Tapstream (2.7.4):
    - ARAnalytics/CoreIOS
    - Tapstream
  - ARAnalytics/UMengAnalytics (2.7.4):
    - ARAnalytics/CoreIOS
    - UMengAnalytics
  - Aspects (1.3.1)
  - Bolts (1.1.5):
    - Bolts/AppLinks (= 1.1.5)
    - Bolts/Tasks (= 1.1.5)
  - Bolts/AppLinks (1.1.5):
    - Bolts/Tasks
  - Bolts/Tasks (1.1.5)
  - Bugsnag (4.0.8):
    - Bugsnag/no-arc (= 4.0.8)
  - Bugsnag/no-arc (4.0.8)
  - Chartbeat (0.0.1)
  - Countly (15.06.01)
  - Expecta (0.4.2)
  - FlurrySDK (6.7.0):
    - FlurrySDK/FlurrySDK (= 6.7.0)
  - FlurrySDK/FlurrySDK (6.7.0)
  - GoogleAnalytics (3.13.0)
  - Heap (2.1.5)
  - Helpshift (4.14.0)
  - HockeySDK (3.7.3):
    - HockeySDK/AllFeaturesLib (= 3.7.3)
  - HockeySDK/AllFeaturesLib (3.7.3)
  - Intercom (2.3.4)
  - KISSmetrics (1.2.0)
  - Localytics-iOS-Client (2.71.0)
  - Mixpanel (2.8.3):
    - Mixpanel/Mixpanel (= 2.8.3)
  - Mixpanel-OSX-Community (2.1.0)
  - Mixpanel/Mixpanel (2.8.3)
  - NewRelicAgent (5.2.2)
  - OCMock (2.2.4)
  - Parse-iOS-SDK (1.3.0):
    - Bolts (~> 1.1.2)
  - Specta (0.5.0)
  - Tapstream (2.9.5)
  - UMengAnalytics (3.5.12)

DEPENDENCIES:
  - ARAnalytics (from `../`)
  - ARAnalytics/DSL (from `../`)
  - ARAnalytics/KISSmetricsOSX (from `../`)
  - Expecta (~> 0.2)
  - Mixpanel-OSX-Community (from `https://github.com/orta/mixpanel-osx-unofficial`)
  - OCMock (= 2.2.4)
  - Specta (~> 0.2)

EXTERNAL SOURCES:
  ARAnalytics:
    :path: "../"
  Mixpanel-OSX-Community:
    :git: https://github.com/orta/mixpanel-osx-unofficial

CHECKOUT OPTIONS:
  Mixpanel-OSX-Community:
    :commit: 5386642552fb2c93e7399db42ce84857668aa4d8
    :git: https://github.com/orta/mixpanel-osx-unofficial

SPEC CHECKSUMS:
  Amplitude-iOS: 07875b822c2c935ea7f8021830d375ed4d812d31
  Appsee: a3ccc92213a58caabb018d2f2694d61f06c09689
  AppsFlyer-SDK: a0e68e41c6ece355c4b34cf3cdceae08f7da89b0
  ARAnalytics: 831cbb938f724c218d073e261bd1018f8deddb3c
  Aspects: e1a168c8686d4fe37fdd7a2ebbfc4a876d4ea4f3
  Bolts: aac24961496d504aa56fc267cde95162a71bac39
  Bugsnag: bd1dcec5a7dbc34364ee097f1be6a8c93ae4a83f
  Chartbeat: 7fc2b1a180172dd84d7ed0428bfcae2941229269
  Countly: 2151c5286995b84972ba4a92c3fba6b5fafce6bb
  Expecta: 78b4e8b0c8291fa4524d7f74016b6065c2e391ec
  FlurrySDK: 671e8d5769ef42a9940854c735b1eee32763eea5
  GoogleAnalytics: fcf1f1cad57ae1a9a53520018f0f680ceeeb8b49
  Heap: 9d41b3d07bc86c9127364b638c710d854390a113
  Helpshift: 724df41d1be8d9f8a16735e0d1b1917cf6a7296b
  HockeySDK: a0b915dc081f1ba67782a347220a8623dbe93b8a
  Intercom: eea4450ffbc6fbaa2665c0714d69646ffd949b95
  KISSmetrics: 3dda64c4b9758410e7aad86bd04083c81d2535e3
  Localytics-iOS-Client: 3d224e878ecc42ede30385bceffdf2af6093cc7e
  Mixpanel: fd52e097ae0d27295d0595b2261c60b94d191fda
  Mixpanel-OSX-Community: f58bb9cf97ef3b024b6f89d3890668a2c20de5b6
  NewRelicAgent: ab64e8cf418a75185d52c1b2257933846fe496de
  OCMock: a6a7dc0e3997fb9f35d99f72528698ebf60d64f2
  Parse-iOS-SDK: f82937a6e1431a49438cd7d9d6199c74228a5846
  Specta: eb90708ed77569bbda089f8ead10bb99b8e9489e
  Tapstream: f7d4f43adb75b9c7f46af6a671259a684dcf5cf6
  UMengAnalytics: 370056af10f202b57b83ff3d0d458ac5183b629f

COCOAPODS: 0.38.2
